
Microsoft Visual Studio Solution File, Format Version 11.00
# Visual Studio 2010
Project("{FAE04EC0-301F-11D3-BF4B-00C04F79EFBC}") = "ZUploader", "ZUploader\ZUploader.csproj", "{C5AE4585-E9EC-4FA3-B75A-E1210635ACB6}"
EndProject
Project("{FAE04EC0-301F-11D3-BF4B-00C04F79EFBC}") = "ZSS.UploadersLib", "..\..\trunk\ZSS.UploadersLib\ZSS.UploadersLib.csproj", "{E1C94415-3424-4517-A2A1-B2FDD1F59C67}"
EndProject
Project("{FAE04EC0-301F-11D3-BF4B-00C04F79EFBC}") = "ZSS.HelpersLib", "..\..\trunk\ZSS.HelpersLib\ZSS.HelpersLib.csproj", "{327750E1-9FB7-4CC3-8AEA-9BC42180CAD3}"
EndProject
Project("{FAE04EC0-301F-11D3-BF4B-00C04F79EFBC}") = "ImageQuantization", "..\ImageQuantizer\ImageQuantization\ImageQuantization.csproj", "{923F9BA3-34C5-45C6-8069-D9CE7E79635A}"
EndProject
Project("{FAE04EC0-301F-11D3-BF4B-00C04F79EFBC}") = "HistoryLib", "..\HistoryLib\HistoryLib.csproj", "{E7DE6237-AEA2-498B-8F56-9B392472C490}"
EndProject
Project("{FAE04EC0-301F-11D3-BF4B-00C04F79EFBC}") = "ExtensionManager", "..\ExtensionManager\ExtensionManager.csproj", "{DC564D81-1C4E-43A9-9832-933C4ADBBBAC}"
EndProject
Project("{FAE04EC0-301F-11D3-BF4B-00C04F79EFBC}") = "ZUploaderPlugin", "ZUploaderPlugin\ZUploaderPlugin.csproj", "{0FF779CC-C98B-4712-98DE-22DC2DDE4B58}"
EndProject
Global
	GlobalSection(SolutionConfigurationPlatforms) = preSolution
		Debug|Any CPU = Debug|Any CPU
		Debug|Mixed Platforms = Debug|Mixed Platforms
		Debug|x86 = Debug|x86
		Release|Any CPU = Release|Any CPU
		Release|Mixed Platforms = Release|Mixed Platforms
		Release|x86 = Release|x86
	EndGlobalSection
	GlobalSection(ProjectConfigurationPlatforms) = postSolution
		{C5AE4585-E9EC-4FA3-B75A-E1210635ACB6}.Debug|Any CPU.ActiveCfg = Debug|Any CPU
		{C5AE4585-E9EC-4FA3-B75A-E1210635ACB6}.Debug|Any CPU.Build.0 = Debug|Any CPU
		{C5AE4585-E9EC-4FA3-B75A-E1210635ACB6}.Debug|Mixed Platforms.ActiveCfg = Debug|Any CPU
		{C5AE4585-E9EC-4FA3-B75A-E1210635ACB6}.Debug|Mixed Platforms.Build.0 = Debug|Any CPU
		{C5AE4585-E9EC-4FA3-B75A-E1210635ACB6}.Debug|x86.ActiveCfg = Debug|Any CPU
		{C5AE4585-E9EC-4FA3-B75A-E1210635ACB6}.Release|Any CPU.ActiveCfg = Release|Any CPU
		{C5AE4585-E9EC-4FA3-B75A-E1210635ACB6}.Release|Any CPU.Build.0 = Release|Any CPU
		{C5AE4585-E9EC-4FA3-B75A-E1210635ACB6}.Release|Mixed Platforms.ActiveCfg = Release|Any CPU
		{C5AE4585-E9EC-4FA3-B75A-E1210635ACB6}.Release|Mixed Platforms.Build.0 = Release|Any CPU
		{C5AE4585-E9EC-4FA3-B75A-E1210635ACB6}.Release|x86.ActiveCfg = Release|Any CPU
		{E1C94415-3424-4517-A2A1-B2FDD1F59C67}.Debug|Any CPU.ActiveCfg = Debug|Any CPU
		{E1C94415-3424-4517-A2A1-B2FDD1F59C67}.Debug|Any CPU.Build.0 = Debug|Any CPU
		{E1C94415-3424-4517-A2A1-B2FDD1F59C67}.Debug|Mixed Platforms.ActiveCfg = Debug|Any CPU
		{E1C94415-3424-4517-A2A1-B2FDD1F59C67}.Debug|Mixed Platforms.Build.0 = Debug|Any CPU
		{E1C94415-3424-4517-A2A1-B2FDD1F59C67}.Debug|x86.ActiveCfg = Debug|Any CPU
		{E1C94415-3424-4517-A2A1-B2FDD1F59C67}.Release|Any CPU.ActiveCfg = Release|Any CPU
		{E1C94415-3424-4517-A2A1-B2FDD1F59C67}.Release|Any CPU.Build.0 = Release|Any CPU
		{E1C94415-3424-4517-A2A1-B2FDD1F59C67}.Release|Mixed Platforms.ActiveCfg = Release|Any CPU
		{E1C94415-3424-4517-A2A1-B2FDD1F59C67}.Release|Mixed Platforms.Build.0 = Release|Any CPU
		{E1C94415-3424-4517-A2A1-B2FDD1F59C67}.Release|x86.ActiveCfg = Release|Any CPU
		{327750E1-9FB7-4CC3-8AEA-9BC42180CAD3}.Debug|Any CPU.ActiveCfg = Debug|Any CPU
		{327750E1-9FB7-4CC3-8AEA-9BC42180CAD3}.Debug|Any CPU.Build.0 = Debug|Any CPU
		{327750E1-9FB7-4CC3-8AEA-9BC42180CAD3}.Debug|Mixed Platforms.ActiveCfg = Debug|Any CPU
		{327750E1-9FB7-4CC3-8AEA-9BC42180CAD3}.Debug|Mixed Platforms.Build.0 = Debug|Any CPU
		{327750E1-9FB7-4CC3-8AEA-9BC42180CAD3}.Debug|x86.ActiveCfg = Debug|Any CPU
		{327750E1-9FB7-4CC3-8AEA-9BC42180CAD3}.Release|Any CPU.ActiveCfg = Release|Any CPU
		{327750E1-9FB7-4CC3-8AEA-9BC42180CAD3}.Release|Any CPU.Build.0 = Release|Any CPU
		{327750E1-9FB7-4CC3-8AEA-9BC42180CAD3}.Release|Mixed Platforms.ActiveCfg = Release|Any CPU
		{327750E1-9FB7-4CC3-8AEA-9BC42180CAD3}.Release|Mixed Platforms.Build.0 = Release|Any CPU
		{327750E1-9FB7-4CC3-8AEA-9BC42180CAD3}.Release|x86.ActiveCfg = Release|Any CPU
		{923F9BA3-34C5-45C6-8069-D9CE7E79635A}.Debug|Any CPU.ActiveCfg = Debug|Any CPU
		{923F9BA3-34C5-45C6-8069-D9CE7E79635A}.Debug|Any CPU.Build.0 = Debug|Any CPU
		{923F9BA3-34C5-45C6-8069-D9CE7E79635A}.Debug|Mixed Platforms.ActiveCfg = Debug|Any CPU
		{923F9BA3-34C5-45C6-8069-D9CE7E79635A}.Debug|Mixed Platforms.Build.0 = Debug|Any CPU
		{923F9BA3-34C5-45C6-8069-D9CE7E79635A}.Debug|x86.ActiveCfg = Debug|Any CPU
		{923F9BA3-34C5-45C6-8069-D9CE7E79635A}.Release|Any CPU.ActiveCfg = Release|Any CPU
		{923F9BA3-34C5-45C6-8069-D9CE7E79635A}.Release|Any CPU.Build.0 = Release|Any CPU
		{923F9BA3-34C5-45C6-8069-D9CE7E79635A}.Release|Mixed Platforms.ActiveCfg = Release|Any CPU
		{923F9BA3-34C5-45C6-8069-D9CE7E79635A}.Release|Mixed Platforms.Build.0 = Release|Any CPU
		{923F9BA3-34C5-45C6-8069-D9CE7E79635A}.Release|x86.ActiveCfg = Release|Any CPU
		{E7DE6237-AEA2-498B-8F56-9B392472C490}.Debug|Any CPU.ActiveCfg = Debug|Any CPU
		{E7DE6237-AEA2-498B-8F56-9B392472C490}.Debug|Any CPU.Build.0 = Debug|Any CPU
		{E7DE6237-AEA2-498B-8F56-9B392472C490}.Debug|Mixed Platforms.ActiveCfg = Debug|Any CPU
		{E7DE6237-AEA2-498B-8F56-9B392472C490}.Debug|Mixed Platforms.Build.0 = Debug|Any CPU
		{E7DE6237-AEA2-498B-8F56-9B392472C490}.Debug|x86.ActiveCfg = Debug|Any CPU
		{E7DE6237-AEA2-498B-8F56-9B392472C490}.Release|Any CPU.ActiveCfg = Release|Any CPU
		{E7DE6237-AEA2-498B-8F56-9B392472C490}.Release|Any CPU.Build.0 = Release|Any CPU
		{E7DE6237-AEA2-498B-8F56-9B392472C490}.Release|Mixed Platforms.ActiveCfg = Release|Any CPU
		{E7DE6237-AEA2-498B-8F56-9B392472C490}.Release|Mixed Platforms.Build.0 = Release|Any CPU
		{E7DE6237-AEA2-498B-8F56-9B392472C490}.Release|x86.ActiveCfg = Release|Any CPU
		{DC564D81-1C4E-43A9-9832-933C4ADBBBAC}.Debug|Any CPU.ActiveCfg = Debug|Any CPU
		{DC564D81-1C4E-43A9-9832-933C4ADBBBAC}.Debug|Any CPU.Build.0 = Debug|Any CPU
		{DC564D81-1C4E-43A9-9832-933C4ADBBBAC}.Debug|Mixed Platforms.ActiveCfg = Debug|Any CPU
		{DC564D81-1C4E-43A9-9832-933C4ADBBBAC}.Debug|Mixed Platforms.Build.0 = Debug|Any CPU
		{DC564D81-1C4E-43A9-9832-933C4ADBBBAC}.Debug|x86.ActiveCfg = Debug|Any CPU
		{DC564D81-1C4E-43A9-9832-933C4ADBBBAC}.Release|Any CPU.ActiveCfg = Release|Any CPU
		{DC564D81-1C4E-43A9-9832-933C4ADBBBAC}.Release|Any CPU.Build.0 = Release|Any CPU
		{DC564D81-1C4E-43A9-9832-933C4ADBBBAC}.Release|Mixed Platforms.ActiveCfg = Release|Any CPU
		{DC564D81-1C4E-43A9-9832-933C4ADBBBAC}.Release|Mixed Platforms.Build.0 = Release|Any CPU
		{DC564D81-1C4E-43A9-9832-933C4ADBBBAC}.Release|x86.ActiveCfg = Release|Any CPU
		{0FF779CC-C98B-4712-98DE-22DC2DDE4B58}.Debug|Any CPU.ActiveCfg = Debug|Any CPU
		{0FF779CC-C98B-4712-98DE-22DC2DDE4B58}.Debug|Any CPU.Build.0 = Debug|Any CPU
		{0FF779CC-C98B-4712-98DE-22DC2DDE4B58}.Debug|Mixed Platforms.ActiveCfg = Debug|Any CPU
		{0FF779CC-C98B-4712-98DE-22DC2DDE4B58}.Debug|Mixed Platforms.Build.0 = Debug|Any CPU
		{0FF779CC-C98B-4712-98DE-22DC2DDE4B58}.Debug|x86.ActiveCfg = Debug|Any CPU
		{0FF779CC-C98B-4712-98DE-22DC2DDE4B58}.Release|Any CPU.ActiveCfg = Release|Any CPU
		{0FF779CC-C98B-4712-98DE-22DC2DDE4B58}.Release|Any CPU.Build.0 = Release|Any CPU
		{0FF779CC-C98B-4712-98DE-22DC2DDE4B58}.Release|Mixed Platforms.ActiveCfg = Release|Any CPU
		{0FF779CC-C98B-4712-98DE-22DC2DDE4B58}.Release|Mixed Platforms.Build.0 = Release|Any CPU
		{0FF779CC-C98B-4712-98DE-22DC2DDE4B58}.Release|x86.ActiveCfg = Release|Any CPU
	EndGlobalSection
	GlobalSection(SolutionProperties) = preSolution
		HideSolutionNode = FALSE
	EndGlobalSection
EndGlobal
