
Microsoft Visual Studio Solution File, Format Version 10.00
# Visual Studio 2008
Project("{FAE04EC0-301F-11D3-BF4B-00C04F79EFBC}") = "ImageUploader", "ImageUploader\ImageUploader.csproj", "{223EC461-C070-4FF3-ADE7-92BC21AE66FC}"
EndProject
Project("{FAE04EC0-301F-11D3-BF4B-00C04F79EFBC}") = "ImageUploaderExample", "ImageUploaderExample\ImageUploaderExample.csproj", "{B548B945-C53E-4239-966C-E1EA529B317B}"
EndProject
Global
	GlobalSection(SolutionConfigurationPlatforms) = preSolution
		Debug|Any CPU = Debug|Any CPU
		Release|Any CPU = Release|Any CPU
	EndGlobalSection
	GlobalSection(ProjectConfigurationPlatforms) = postSolution
		{223EC461-C070-4FF3-ADE7-92BC21AE66FC}.Debug|Any CPU.ActiveCfg = Debug|Any CPU
		{223EC461-C070-4FF3-ADE7-92BC21AE66FC}.Debug|Any CPU.Build.0 = Debug|Any CPU
		{223EC461-C070-4FF3-ADE7-92BC21AE66FC}.Release|Any CPU.ActiveCfg = Release|Any CPU
		{223EC461-C070-4FF3-ADE7-92BC21AE66FC}.Release|Any CPU.Build.0 = Release|Any CPU
		{B548B945-C53E-4239-966C-E1EA529B317B}.Debug|Any CPU.ActiveCfg = Debug|Any CPU
		{B548B945-C53E-4239-966C-E1EA529B317B}.Debug|Any CPU.Build.0 = Debug|Any CPU
		{B548B945-C53E-4239-966C-E1EA529B317B}.Release|Any CPU.ActiveCfg = Release|Any CPU
		{B548B945-C53E-4239-966C-E1EA529B317B}.Release|Any CPU.Build.0 = Release|Any CPU
	EndGlobalSection
	GlobalSection(SolutionProperties) = preSolution
		HideSolutionNode = FALSE
	EndGlobalSection
EndGlobal
