
Microsoft Visual Studio Solution File, Format Version 10.00
# Visual Studio 2008
Project("{FAE04EC0-301F-11D3-BF4B-00C04F79EFBC}") = "ImageQueue", "ImageQueue\ImageQueue.csproj", "{FD0080E8-9054-49DE-8C75-8A4DC076C6DD}"
EndProject
Project("{FAE04EC0-301F-11D3-BF4B-00C04F79EFBC}") = "Plugins", "Plugins\Plugins.csproj", "{D13441B6-96E1-4D1B-8A95-58A7D6CB1E24}"
EndProject
Project("{FAE04EC0-301F-11D3-BF4B-00C04F79EFBC}") = "ImageAdjustment", "ImageEffects\ImageAdjustment.csproj", "{57420699-2DFA-4F23-AD06-3FFC1E4C7D0A}"
EndProject
Project("{FAE04EC0-301F-11D3-BF4B-00C04F79EFBC}") = "ImageManipulation", "ImageManipulation\ImageManipulation.csproj", "{EA9CA8EB-9173-4EAB-8174-5BD7E5166206}"
EndProject
Project("{FAE04EC0-301F-11D3-BF4B-00C04F79EFBC}") = "GraphicsManager", "GraphicsManager\GraphicsManager.csproj", "{39CBF608-D7E7-405B-BCB4-A316BB76B562}"
EndProject
Global
	GlobalSection(SolutionConfigurationPlatforms) = preSolution
		Debug|Any CPU = Debug|Any CPU
		Release|Any CPU = Release|Any CPU
	EndGlobalSection
	GlobalSection(ProjectConfigurationPlatforms) = postSolution
		{FD0080E8-9054-49DE-8C75-8A4DC076C6DD}.Debug|Any CPU.ActiveCfg = Debug|Any CPU
		{FD0080E8-9054-49DE-8C75-8A4DC076C6DD}.Debug|Any CPU.Build.0 = Debug|Any CPU
		{FD0080E8-9054-49DE-8C75-8A4DC076C6DD}.Release|Any CPU.ActiveCfg = Release|Any CPU
		{FD0080E8-9054-49DE-8C75-8A4DC076C6DD}.Release|Any CPU.Build.0 = Release|Any CPU
		{D13441B6-96E1-4D1B-8A95-58A7D6CB1E24}.Debug|Any CPU.ActiveCfg = Debug|Any CPU
		{D13441B6-96E1-4D1B-8A95-58A7D6CB1E24}.Debug|Any CPU.Build.0 = Debug|Any CPU
		{D13441B6-96E1-4D1B-8A95-58A7D6CB1E24}.Release|Any CPU.ActiveCfg = Release|Any CPU
		{D13441B6-96E1-4D1B-8A95-58A7D6CB1E24}.Release|Any CPU.Build.0 = Release|Any CPU
		{57420699-2DFA-4F23-AD06-3FFC1E4C7D0A}.Debug|Any CPU.ActiveCfg = Debug|Any CPU
		{57420699-2DFA-4F23-AD06-3FFC1E4C7D0A}.Debug|Any CPU.Build.0 = Debug|Any CPU
		{57420699-2DFA-4F23-AD06-3FFC1E4C7D0A}.Release|Any CPU.ActiveCfg = Release|Any CPU
		{57420699-2DFA-4F23-AD06-3FFC1E4C7D0A}.Release|Any CPU.Build.0 = Release|Any CPU
		{EA9CA8EB-9173-4EAB-8174-5BD7E5166206}.Debug|Any CPU.ActiveCfg = Debug|Any CPU
		{EA9CA8EB-9173-4EAB-8174-5BD7E5166206}.Debug|Any CPU.Build.0 = Debug|Any CPU
		{EA9CA8EB-9173-4EAB-8174-5BD7E5166206}.Release|Any CPU.ActiveCfg = Release|Any CPU
		{EA9CA8EB-9173-4EAB-8174-5BD7E5166206}.Release|Any CPU.Build.0 = Release|Any CPU
		{39CBF608-D7E7-405B-BCB4-A316BB76B562}.Debug|Any CPU.ActiveCfg = Debug|Any CPU
		{39CBF608-D7E7-405B-BCB4-A316BB76B562}.Debug|Any CPU.Build.0 = Debug|Any CPU
		{39CBF608-D7E7-405B-BCB4-A316BB76B562}.Release|Any CPU.ActiveCfg = Release|Any CPU
		{39CBF608-D7E7-405B-BCB4-A316BB76B562}.Release|Any CPU.Build.0 = Release|Any CPU
	EndGlobalSection
	GlobalSection(SolutionProperties) = preSolution
		HideSolutionNode = FALSE
	EndGlobalSection
EndGlobal
