
Microsoft Visual Studio Solution File, Format Version 10.00
# Visual Studio 2008
Project("{FAE04EC0-301F-11D3-BF4B-00C04F79EFBC}") = "ZSS.ImageUploadersLib", "ZSS.ImageUploader\ZSS.ImageUploadersLib.csproj", "{223EC461-C070-4FF3-ADE7-92BC21AE66FC}"
EndProject
Project("{FAE04EC0-301F-11D3-BF4B-00C04F79EFBC}") = "ZSS.TextUploadersLib", "ZSS.TextUploader\ZSS.TextUploadersLib.csproj", "{04DEED7C-450E-4C12-9586-040448FC6DD5}"
EndProject
Project("{FAE04EC0-301F-11D3-BF4B-00C04F79EFBC}") = "ZScreen", "ZScreen\ZScreen.csproj", "{BAC70392-CB22-4DD9-8756-CEE5E960FAFA}"
EndProject
Project("{FAE04EC0-301F-11D3-BF4B-00C04F79EFBC}") = "ZSS.ColorsLib", "ZSS.Colors\ZSS.ColorsLib.csproj", "{9F44B572-4A09-42D9-9DB7-2587F621B462}"
EndProject
Project("{FAE04EC0-301F-11D3-BF4B-00C04F79EFBC}") = "ZSS.UpdateCheckerLib", "ZSS.UpdateChecker\ZSS.UpdateCheckerLib.csproj", "{091475E0-BF06-4D9D-9A4D-7E71BE08FB96}"
EndProject
Project("{FAE04EC0-301F-11D3-BF4B-00C04F79EFBC}") = "ZSS.FTPUploaderLib", "ZSS.FTPUploaderLib\ZSS.FTPUploaderLib.csproj", "{6856E9A8-E067-49EE-8F58-DA3985295F53}"
EndProject
Project("{FAE04EC0-301F-11D3-BF4B-00C04F79EFBC}") = "ZSS.ImageEditorLib", "ZSS.ImageEditorLib\ZSS.ImageEditorLib.csproj", "{8DB88F86-C03B-45DF-ADAF-C068A407E36A}"
EndProject
Project("{FAE04EC0-301F-11D3-BF4B-00C04F79EFBC}") = "ZSS.FTPClientLib", "ZSS.FTPClientLib\ZSS.FTPClientLib.csproj", "{20E5CC64-8C94-42EE-AB7C-3241F4732BE9}"
EndProject
Project("{FAE04EC0-301F-11D3-BF4B-00C04F79EFBC}") = "ZSS.IndexersLib", "ZSS.IndexersLib\ZSS.IndexersLib.csproj", "{47CD5EEF-C12D-4CEA-B88A-3AFAEC6DDAD8}"
EndProject
Project("{2150E333-8FDC-42A3-9474-1A3956D46DE8}") = "Tools", "Tools", "{EE237035-DB9F-4AE5-B3C6-6BA48A96A958}"
	ProjectSection(SolutionItems) = preProject
		Tools\sgen.exe = Tools\sgen.exe
	EndProjectSection
EndProject
Project("{2150E333-8FDC-42A3-9474-1A3956D46DE8}") = "Lib", "Lib", "{37433C64-3588-4A1D-926E-22C8692D345F}"
	ProjectSection(SolutionItems) = preProject
		Lib\AxSHDocVw.dll = Lib\AxSHDocVw.dll
		Lib\ICSharpCode.SharpZipLib.dll = Lib\ICSharpCode.SharpZipLib.dll
		Lib\IECaptComImports.dll = Lib\IECaptComImports.dll
		Lib\Microsoft.WindowsAPICodePack.dll = Lib\Microsoft.WindowsAPICodePack.dll
		Lib\Microsoft.WindowsAPICodePack.Shell.dll = Lib\Microsoft.WindowsAPICodePack.Shell.dll
		Lib\SHDocVw.dll = Lib\SHDocVw.dll
		Lib\taglib-sharp.dll = Lib\taglib-sharp.dll
	EndProjectSection
EndProject
Project("{FAE04EC0-301F-11D3-BF4B-00C04F79EFBC}") = "UploadersLib", "ZSS.UploadersLib\UploadersLib.csproj", "{D91D7F12-8976-41D9-9524-827EE9B02CCD}"
EndProject
Project("{FAE04EC0-301F-11D3-BF4B-00C04F79EFBC}") = "ZSS.FileUploadersLib", "ZSS.FileUploadersLib\ZSS.FileUploadersLib.csproj", "{9D204619-BCBC-4E8D-B37E-F278D01D8A95}"
EndProject
Global
	GlobalSection(SubversionScc) = preSolution
		Svn-Managed = True
		Manager = AnkhSVN - Subversion Support for Visual Studio
	EndGlobalSection
	GlobalSection(SolutionConfigurationPlatforms) = preSolution
		CodeAnalysisDebug|Any CPU = CodeAnalysisDebug|Any CPU
		Debug|Any CPU = Debug|Any CPU
		Inno|Any CPU = Inno|Any CPU
		Release|Any CPU = Release|Any CPU
	EndGlobalSection
	GlobalSection(ProjectConfigurationPlatforms) = postSolution
		{223EC461-C070-4FF3-ADE7-92BC21AE66FC}.CodeAnalysisDebug|Any CPU.ActiveCfg = Debug|Any CPU
		{223EC461-C070-4FF3-ADE7-92BC21AE66FC}.CodeAnalysisDebug|Any CPU.Build.0 = Debug|Any CPU
		{223EC461-C070-4FF3-ADE7-92BC21AE66FC}.Debug|Any CPU.ActiveCfg = Debug|Any CPU
		{223EC461-C070-4FF3-ADE7-92BC21AE66FC}.Debug|Any CPU.Build.0 = Debug|Any CPU
		{223EC461-C070-4FF3-ADE7-92BC21AE66FC}.Inno|Any CPU.ActiveCfg = Inno|Any CPU
		{223EC461-C070-4FF3-ADE7-92BC21AE66FC}.Inno|Any CPU.Build.0 = Inno|Any CPU
		{223EC461-C070-4FF3-ADE7-92BC21AE66FC}.Release|Any CPU.ActiveCfg = Release|Any CPU
		{223EC461-C070-4FF3-ADE7-92BC21AE66FC}.Release|Any CPU.Build.0 = Release|Any CPU
		{04DEED7C-450E-4C12-9586-040448FC6DD5}.CodeAnalysisDebug|Any CPU.ActiveCfg = Debug|Any CPU
		{04DEED7C-450E-4C12-9586-040448FC6DD5}.CodeAnalysisDebug|Any CPU.Build.0 = Debug|Any CPU
		{04DEED7C-450E-4C12-9586-040448FC6DD5}.Debug|Any CPU.ActiveCfg = Debug|Any CPU
		{04DEED7C-450E-4C12-9586-040448FC6DD5}.Debug|Any CPU.Build.0 = Debug|Any CPU
		{04DEED7C-450E-4C12-9586-040448FC6DD5}.Inno|Any CPU.ActiveCfg = Inno|Any CPU
		{04DEED7C-450E-4C12-9586-040448FC6DD5}.Inno|Any CPU.Build.0 = Inno|Any CPU
		{04DEED7C-450E-4C12-9586-040448FC6DD5}.Release|Any CPU.ActiveCfg = Release|Any CPU
		{04DEED7C-450E-4C12-9586-040448FC6DD5}.Release|Any CPU.Build.0 = Release|Any CPU
		{BAC70392-CB22-4DD9-8756-CEE5E960FAFA}.CodeAnalysisDebug|Any CPU.ActiveCfg = Debug|Any CPU
		{BAC70392-CB22-4DD9-8756-CEE5E960FAFA}.CodeAnalysisDebug|Any CPU.Build.0 = Debug|Any CPU
		{BAC70392-CB22-4DD9-8756-CEE5E960FAFA}.Debug|Any CPU.ActiveCfg = Debug|Any CPU
		{BAC70392-CB22-4DD9-8756-CEE5E960FAFA}.Debug|Any CPU.Build.0 = Debug|Any CPU
		{BAC70392-CB22-4DD9-8756-CEE5E960FAFA}.Inno|Any CPU.ActiveCfg = Inno|Any CPU
		{BAC70392-CB22-4DD9-8756-CEE5E960FAFA}.Inno|Any CPU.Build.0 = Inno|Any CPU
		{BAC70392-CB22-4DD9-8756-CEE5E960FAFA}.Release|Any CPU.ActiveCfg = Release|Any CPU
		{BAC70392-CB22-4DD9-8756-CEE5E960FAFA}.Release|Any CPU.Build.0 = Release|Any CPU
		{9F44B572-4A09-42D9-9DB7-2587F621B462}.CodeAnalysisDebug|Any CPU.ActiveCfg = Debug|Any CPU
		{9F44B572-4A09-42D9-9DB7-2587F621B462}.CodeAnalysisDebug|Any CPU.Build.0 = Debug|Any CPU
		{9F44B572-4A09-42D9-9DB7-2587F621B462}.Debug|Any CPU.ActiveCfg = Debug|Any CPU
		{9F44B572-4A09-42D9-9DB7-2587F621B462}.Debug|Any CPU.Build.0 = Debug|Any CPU
		{9F44B572-4A09-42D9-9DB7-2587F621B462}.Inno|Any CPU.ActiveCfg = Release|Any CPU
		{9F44B572-4A09-42D9-9DB7-2587F621B462}.Inno|Any CPU.Build.0 = Release|Any CPU
		{9F44B572-4A09-42D9-9DB7-2587F621B462}.Release|Any CPU.ActiveCfg = Release|Any CPU
		{9F44B572-4A09-42D9-9DB7-2587F621B462}.Release|Any CPU.Build.0 = Release|Any CPU
		{091475E0-BF06-4D9D-9A4D-7E71BE08FB96}.CodeAnalysisDebug|Any CPU.ActiveCfg = Debug|Any CPU
		{091475E0-BF06-4D9D-9A4D-7E71BE08FB96}.CodeAnalysisDebug|Any CPU.Build.0 = Debug|Any CPU
		{091475E0-BF06-4D9D-9A4D-7E71BE08FB96}.Debug|Any CPU.ActiveCfg = Debug|Any CPU
		{091475E0-BF06-4D9D-9A4D-7E71BE08FB96}.Debug|Any CPU.Build.0 = Debug|Any CPU
		{091475E0-BF06-4D9D-9A4D-7E71BE08FB96}.Inno|Any CPU.ActiveCfg = Release|Any CPU
		{091475E0-BF06-4D9D-9A4D-7E71BE08FB96}.Inno|Any CPU.Build.0 = Release|Any CPU
		{091475E0-BF06-4D9D-9A4D-7E71BE08FB96}.Release|Any CPU.ActiveCfg = Release|Any CPU
		{091475E0-BF06-4D9D-9A4D-7E71BE08FB96}.Release|Any CPU.Build.0 = Release|Any CPU
		{6856E9A8-E067-49EE-8F58-DA3985295F53}.CodeAnalysisDebug|Any CPU.ActiveCfg = Debug|Any CPU
		{6856E9A8-E067-49EE-8F58-DA3985295F53}.CodeAnalysisDebug|Any CPU.Build.0 = Debug|Any CPU
		{6856E9A8-E067-49EE-8F58-DA3985295F53}.Debug|Any CPU.ActiveCfg = Debug|Any CPU
		{6856E9A8-E067-49EE-8F58-DA3985295F53}.Debug|Any CPU.Build.0 = Debug|Any CPU
		{6856E9A8-E067-49EE-8F58-DA3985295F53}.Inno|Any CPU.ActiveCfg = Release|Any CPU
		{6856E9A8-E067-49EE-8F58-DA3985295F53}.Inno|Any CPU.Build.0 = Release|Any CPU
		{6856E9A8-E067-49EE-8F58-DA3985295F53}.Release|Any CPU.ActiveCfg = Release|Any CPU
		{6856E9A8-E067-49EE-8F58-DA3985295F53}.Release|Any CPU.Build.0 = Release|Any CPU
		{8DB88F86-C03B-45DF-ADAF-C068A407E36A}.CodeAnalysisDebug|Any CPU.ActiveCfg = Debug|Any CPU
		{8DB88F86-C03B-45DF-ADAF-C068A407E36A}.CodeAnalysisDebug|Any CPU.Build.0 = Debug|Any CPU
		{8DB88F86-C03B-45DF-ADAF-C068A407E36A}.Debug|Any CPU.ActiveCfg = Debug|Any CPU
		{8DB88F86-C03B-45DF-ADAF-C068A407E36A}.Debug|Any CPU.Build.0 = Debug|Any CPU
		{8DB88F86-C03B-45DF-ADAF-C068A407E36A}.Inno|Any CPU.ActiveCfg = Release|Any CPU
		{8DB88F86-C03B-45DF-ADAF-C068A407E36A}.Inno|Any CPU.Build.0 = Release|Any CPU
		{8DB88F86-C03B-45DF-ADAF-C068A407E36A}.Release|Any CPU.ActiveCfg = Release|Any CPU
		{8DB88F86-C03B-45DF-ADAF-C068A407E36A}.Release|Any CPU.Build.0 = Release|Any CPU
		{20E5CC64-8C94-42EE-AB7C-3241F4732BE9}.CodeAnalysisDebug|Any CPU.ActiveCfg = Debug|Any CPU
		{20E5CC64-8C94-42EE-AB7C-3241F4732BE9}.CodeAnalysisDebug|Any CPU.Build.0 = Debug|Any CPU
		{20E5CC64-8C94-42EE-AB7C-3241F4732BE9}.Debug|Any CPU.ActiveCfg = Debug|Any CPU
		{20E5CC64-8C94-42EE-AB7C-3241F4732BE9}.Debug|Any CPU.Build.0 = Debug|Any CPU
		{20E5CC64-8C94-42EE-AB7C-3241F4732BE9}.Inno|Any CPU.ActiveCfg = Release|Any CPU
		{20E5CC64-8C94-42EE-AB7C-3241F4732BE9}.Inno|Any CPU.Build.0 = Release|Any CPU
		{20E5CC64-8C94-42EE-AB7C-3241F4732BE9}.Release|Any CPU.ActiveCfg = Release|Any CPU
		{20E5CC64-8C94-42EE-AB7C-3241F4732BE9}.Release|Any CPU.Build.0 = Release|Any CPU
		{47CD5EEF-C12D-4CEA-B88A-3AFAEC6DDAD8}.CodeAnalysisDebug|Any CPU.ActiveCfg = Debug|Any CPU
		{47CD5EEF-C12D-4CEA-B88A-3AFAEC6DDAD8}.CodeAnalysisDebug|Any CPU.Build.0 = Debug|Any CPU
		{47CD5EEF-C12D-4CEA-B88A-3AFAEC6DDAD8}.Debug|Any CPU.ActiveCfg = Debug|Any CPU
		{47CD5EEF-C12D-4CEA-B88A-3AFAEC6DDAD8}.Debug|Any CPU.Build.0 = Debug|Any CPU
		{47CD5EEF-C12D-4CEA-B88A-3AFAEC6DDAD8}.Inno|Any CPU.ActiveCfg = Release|Any CPU
		{47CD5EEF-C12D-4CEA-B88A-3AFAEC6DDAD8}.Inno|Any CPU.Build.0 = Release|Any CPU
		{47CD5EEF-C12D-4CEA-B88A-3AFAEC6DDAD8}.Release|Any CPU.ActiveCfg = Release|Any CPU
		{47CD5EEF-C12D-4CEA-B88A-3AFAEC6DDAD8}.Release|Any CPU.Build.0 = Release|Any CPU
		{D91D7F12-8976-41D9-9524-827EE9B02CCD}.CodeAnalysisDebug|Any CPU.ActiveCfg = Debug|Any CPU
		{D91D7F12-8976-41D9-9524-827EE9B02CCD}.CodeAnalysisDebug|Any CPU.Build.0 = Debug|Any CPU
		{D91D7F12-8976-41D9-9524-827EE9B02CCD}.Debug|Any CPU.ActiveCfg = Debug|Any CPU
		{D91D7F12-8976-41D9-9524-827EE9B02CCD}.Debug|Any CPU.Build.0 = Debug|Any CPU
		{D91D7F12-8976-41D9-9524-827EE9B02CCD}.Inno|Any CPU.ActiveCfg = Release|Any CPU
		{D91D7F12-8976-41D9-9524-827EE9B02CCD}.Inno|Any CPU.Build.0 = Release|Any CPU
		{D91D7F12-8976-41D9-9524-827EE9B02CCD}.Release|Any CPU.ActiveCfg = Release|Any CPU
		{D91D7F12-8976-41D9-9524-827EE9B02CCD}.Release|Any CPU.Build.0 = Release|Any CPU
		{9D204619-BCBC-4E8D-B37E-F278D01D8A95}.CodeAnalysisDebug|Any CPU.ActiveCfg = Debug|Any CPU
		{9D204619-BCBC-4E8D-B37E-F278D01D8A95}.CodeAnalysisDebug|Any CPU.Build.0 = Debug|Any CPU
		{9D204619-BCBC-4E8D-B37E-F278D01D8A95}.Debug|Any CPU.ActiveCfg = Debug|Any CPU
		{9D204619-BCBC-4E8D-B37E-F278D01D8A95}.Debug|Any CPU.Build.0 = Debug|Any CPU
		{9D204619-BCBC-4E8D-B37E-F278D01D8A95}.Inno|Any CPU.ActiveCfg = Release|Any CPU
		{9D204619-BCBC-4E8D-B37E-F278D01D8A95}.Inno|Any CPU.Build.0 = Release|Any CPU
		{9D204619-BCBC-4E8D-B37E-F278D01D8A95}.Release|Any CPU.ActiveCfg = Release|Any CPU
		{9D204619-BCBC-4E8D-B37E-F278D01D8A95}.Release|Any CPU.Build.0 = Release|Any CPU
	EndGlobalSection
	GlobalSection(SolutionProperties) = preSolution
		HideSolutionNode = FALSE
	EndGlobalSection
EndGlobal
