
Microsoft Visual Studio Solution File, Format Version 10.00
# Visual Studio 2008
Project("{FAE04EC0-301F-11D3-BF4B-00C04F79EFBC}") = "ZSS.ImageUploaderLib", "ZSS.ImageUploader\ZSS.ImageUploaderLib.csproj", "{223EC461-C070-4FF3-ADE7-92BC21AE66FC}"
EndProject
Project("{FAE04EC0-301F-11D3-BF4B-00C04F79EFBC}") = "ZSS.TextUploaderLib", "ZSS.TextUploader\ZSS.TextUploaderLib.csproj", "{04DEED7C-450E-4C12-9586-040448FC6DD5}"
EndProject
Project("{FAE04EC0-301F-11D3-BF4B-00C04F79EFBC}") = "ZScreen", "ZScreen\ZScreen.csproj", "{BAC70392-CB22-4DD9-8756-CEE5E960FAFA}"
EndProject
Project("{FAE04EC0-301F-11D3-BF4B-00C04F79EFBC}") = "ZSS.ColorsLib", "ZSS.Colors\ZSS.ColorsLib.csproj", "{9F44B572-4A09-42D9-9DB7-2587F621B462}"
EndProject
Project("{FAE04EC0-301F-11D3-BF4B-00C04F79EFBC}") = "ZSS.UpdateCheckerLib", "ZSS.UpdateChecker\ZSS.UpdateCheckerLib.csproj", "{091475E0-BF06-4D9D-9A4D-7E71BE08FB96}"
EndProject
Project("{FAE04EC0-301F-11D3-BF4B-00C04F79EFBC}") = "ZSS.FTPUploaderLib", "ZSS.FTPUploaderLib\ZSS.FTPUploaderLib.csproj", "{6856E9A8-E067-49EE-8F58-DA3985295F53}"
EndProject
Project("{FAE04EC0-301F-11D3-BF4B-00C04F79EFBC}") = "ZSS.ImageEditorLib", "ZSS.ImageEditorLib\ZSS.ImageEditorLib.csproj", "{8DB88F86-C03B-45DF-ADAF-C068A407E36A}"
EndProject
Global
	GlobalSection(SubversionScc) = preSolution
		Svn-Managed = True
		Manager = AnkhSVN - Subversion Support for Visual Studio
	EndGlobalSection
	GlobalSection(SolutionConfigurationPlatforms) = preSolution
		Debug|Any CPU = Debug|Any CPU
		Inno|Any CPU = Inno|Any CPU
		Release|Any CPU = Release|Any CPU
	EndGlobalSection
	GlobalSection(ProjectConfigurationPlatforms) = postSolution
		{223EC461-C070-4FF3-ADE7-92BC21AE66FC}.Debug|Any CPU.ActiveCfg = Debug|Any CPU
		{223EC461-C070-4FF3-ADE7-92BC21AE66FC}.Debug|Any CPU.Build.0 = Debug|Any CPU
		{223EC461-C070-4FF3-ADE7-92BC21AE66FC}.Inno|Any CPU.ActiveCfg = Inno|Any CPU
		{223EC461-C070-4FF3-ADE7-92BC21AE66FC}.Inno|Any CPU.Build.0 = Inno|Any CPU
		{223EC461-C070-4FF3-ADE7-92BC21AE66FC}.Release|Any CPU.ActiveCfg = Release|Any CPU
		{223EC461-C070-4FF3-ADE7-92BC21AE66FC}.Release|Any CPU.Build.0 = Release|Any CPU
		{04DEED7C-450E-4C12-9586-040448FC6DD5}.Debug|Any CPU.ActiveCfg = Debug|Any CPU
		{04DEED7C-450E-4C12-9586-040448FC6DD5}.Debug|Any CPU.Build.0 = Debug|Any CPU
		{04DEED7C-450E-4C12-9586-040448FC6DD5}.Inno|Any CPU.ActiveCfg = Inno|Any CPU
		{04DEED7C-450E-4C12-9586-040448FC6DD5}.Inno|Any CPU.Build.0 = Inno|Any CPU
		{04DEED7C-450E-4C12-9586-040448FC6DD5}.Release|Any CPU.ActiveCfg = Release|Any CPU
		{04DEED7C-450E-4C12-9586-040448FC6DD5}.Release|Any CPU.Build.0 = Release|Any CPU
		{BAC70392-CB22-4DD9-8756-CEE5E960FAFA}.Debug|Any CPU.ActiveCfg = Debug|Any CPU
		{BAC70392-CB22-4DD9-8756-CEE5E960FAFA}.Debug|Any CPU.Build.0 = Debug|Any CPU
		{BAC70392-CB22-4DD9-8756-CEE5E960FAFA}.Inno|Any CPU.ActiveCfg = Inno|Any CPU
		{BAC70392-CB22-4DD9-8756-CEE5E960FAFA}.Inno|Any CPU.Build.0 = Inno|Any CPU
		{BAC70392-CB22-4DD9-8756-CEE5E960FAFA}.Release|Any CPU.ActiveCfg = Release|Any CPU
		{BAC70392-CB22-4DD9-8756-CEE5E960FAFA}.Release|Any CPU.Build.0 = Release|Any CPU
		{9F44B572-4A09-42D9-9DB7-2587F621B462}.Debug|Any CPU.ActiveCfg = Debug|Any CPU
		{9F44B572-4A09-42D9-9DB7-2587F621B462}.Debug|Any CPU.Build.0 = Debug|Any CPU
		{9F44B572-4A09-42D9-9DB7-2587F621B462}.Inno|Any CPU.ActiveCfg = Release|Any CPU
		{9F44B572-4A09-42D9-9DB7-2587F621B462}.Inno|Any CPU.Build.0 = Release|Any CPU
		{9F44B572-4A09-42D9-9DB7-2587F621B462}.Release|Any CPU.ActiveCfg = Release|Any CPU
		{9F44B572-4A09-42D9-9DB7-2587F621B462}.Release|Any CPU.Build.0 = Release|Any CPU
		{091475E0-BF06-4D9D-9A4D-7E71BE08FB96}.Debug|Any CPU.ActiveCfg = Debug|Any CPU
		{091475E0-BF06-4D9D-9A4D-7E71BE08FB96}.Debug|Any CPU.Build.0 = Debug|Any CPU
		{091475E0-BF06-4D9D-9A4D-7E71BE08FB96}.Inno|Any CPU.ActiveCfg = Release|Any CPU
		{091475E0-BF06-4D9D-9A4D-7E71BE08FB96}.Inno|Any CPU.Build.0 = Release|Any CPU
		{091475E0-BF06-4D9D-9A4D-7E71BE08FB96}.Release|Any CPU.ActiveCfg = Release|Any CPU
		{091475E0-BF06-4D9D-9A4D-7E71BE08FB96}.Release|Any CPU.Build.0 = Release|Any CPU
		{6856E9A8-E067-49EE-8F58-DA3985295F53}.Debug|Any CPU.ActiveCfg = Debug|Any CPU
		{6856E9A8-E067-49EE-8F58-DA3985295F53}.Debug|Any CPU.Build.0 = Debug|Any CPU
		{6856E9A8-E067-49EE-8F58-DA3985295F53}.Inno|Any CPU.ActiveCfg = Release|Any CPU
		{6856E9A8-E067-49EE-8F58-DA3985295F53}.Inno|Any CPU.Build.0 = Release|Any CPU
		{6856E9A8-E067-49EE-8F58-DA3985295F53}.Release|Any CPU.ActiveCfg = Release|Any CPU
		{6856E9A8-E067-49EE-8F58-DA3985295F53}.Release|Any CPU.Build.0 = Release|Any CPU
		{8DB88F86-C03B-45DF-ADAF-C068A407E36A}.Debug|Any CPU.ActiveCfg = Debug|Any CPU
		{8DB88F86-C03B-45DF-ADAF-C068A407E36A}.Debug|Any CPU.Build.0 = Debug|Any CPU
		{8DB88F86-C03B-45DF-ADAF-C068A407E36A}.Inno|Any CPU.ActiveCfg = Release|Any CPU
		{8DB88F86-C03B-45DF-ADAF-C068A407E36A}.Inno|Any CPU.Build.0 = Release|Any CPU
		{8DB88F86-C03B-45DF-ADAF-C068A407E36A}.Release|Any CPU.ActiveCfg = Release|Any CPU
		{8DB88F86-C03B-45DF-ADAF-C068A407E36A}.Release|Any CPU.Build.0 = Release|Any CPU
	EndGlobalSection
	GlobalSection(SolutionProperties) = preSolution
		HideSolutionNode = FALSE
	EndGlobalSection
EndGlobal
