
Microsoft Visual Studio Solution File, Format Version 10.00
# Visual Studio 2008
Project("{FAE04EC0-301F-11D3-BF4B-00C04F79EFBC}") = "ZScreenTesterCLI", "UploaderTester\ZScreenTesterCLI.csproj", "{76C23482-5F9E-4B01-A7EC-CC7BF6EC3F76}"
EndProject
Project("{FAE04EC0-301F-11D3-BF4B-00C04F79EFBC}") = "ZSS.UploadersLib", "..\..\trunk\ZSS.UploadersLib\ZSS.UploadersLib.csproj", "{E1C94415-3424-4517-A2A1-B2FDD1F59C67}"
EndProject
Project("{FAE04EC0-301F-11D3-BF4B-00C04F79EFBC}") = "ZSS.ZScreenLib", "..\..\trunk\ZScreenLib\ZSS.ZScreenLib.csproj", "{037FBAAE-819B-46E6-99FA-5CD8BD17E320}"
EndProject
Project("{FAE04EC0-301F-11D3-BF4B-00C04F79EFBC}") = "ZSS.IndexersLib", "..\..\trunk\ZSS.IndexersLib\ZSS.IndexersLib.csproj", "{47CD5EEF-C12D-4CEA-B88A-3AFAEC6DDAD8}"
EndProject
Project("{FAE04EC0-301F-11D3-BF4B-00C04F79EFBC}") = "ZSS.ColorsLib", "..\..\trunk\ZSS.Colors\ZSS.ColorsLib.csproj", "{9F44B572-4A09-42D9-9DB7-2587F621B462}"
EndProject
Project("{FAE04EC0-301F-11D3-BF4B-00C04F79EFBC}") = "ZSS.ImageEditorLib", "..\..\trunk\ZSS.ImageEditorLib\ZSS.ImageEditorLib.csproj", "{8DB88F86-C03B-45DF-ADAF-C068A407E36A}"
EndProject
Project("{FAE04EC0-301F-11D3-BF4B-00C04F79EFBC}") = "ZSS.UpdateCheckerLib", "..\..\trunk\ZSS.UpdateChecker\ZSS.UpdateCheckerLib.csproj", "{091475E0-BF06-4D9D-9A4D-7E71BE08FB96}"
EndProject
Global
	GlobalSection(SubversionScc) = preSolution
		Svn-Managed = True
		Manager = AnkhSVN - Subversion Support for Visual Studio
	EndGlobalSection
	GlobalSection(SolutionConfigurationPlatforms) = preSolution
		Debug|Any CPU = Debug|Any CPU
		Release|Any CPU = Release|Any CPU
	EndGlobalSection
	GlobalSection(ProjectConfigurationPlatforms) = postSolution
		{76C23482-5F9E-4B01-A7EC-CC7BF6EC3F76}.Debug|Any CPU.ActiveCfg = Debug|Any CPU
		{76C23482-5F9E-4B01-A7EC-CC7BF6EC3F76}.Debug|Any CPU.Build.0 = Debug|Any CPU
		{76C23482-5F9E-4B01-A7EC-CC7BF6EC3F76}.Release|Any CPU.ActiveCfg = Release|Any CPU
		{76C23482-5F9E-4B01-A7EC-CC7BF6EC3F76}.Release|Any CPU.Build.0 = Release|Any CPU
		{E1C94415-3424-4517-A2A1-B2FDD1F59C67}.Debug|Any CPU.ActiveCfg = Debug|Any CPU
		{E1C94415-3424-4517-A2A1-B2FDD1F59C67}.Debug|Any CPU.Build.0 = Debug|Any CPU
		{E1C94415-3424-4517-A2A1-B2FDD1F59C67}.Release|Any CPU.ActiveCfg = Release|Any CPU
		{E1C94415-3424-4517-A2A1-B2FDD1F59C67}.Release|Any CPU.Build.0 = Release|Any CPU
		{037FBAAE-819B-46E6-99FA-5CD8BD17E320}.Debug|Any CPU.ActiveCfg = Debug|Any CPU
		{037FBAAE-819B-46E6-99FA-5CD8BD17E320}.Debug|Any CPU.Build.0 = Debug|Any CPU
		{037FBAAE-819B-46E6-99FA-5CD8BD17E320}.Release|Any CPU.ActiveCfg = Release|Any CPU
		{037FBAAE-819B-46E6-99FA-5CD8BD17E320}.Release|Any CPU.Build.0 = Release|Any CPU
		{47CD5EEF-C12D-4CEA-B88A-3AFAEC6DDAD8}.Debug|Any CPU.ActiveCfg = Debug|Any CPU
		{47CD5EEF-C12D-4CEA-B88A-3AFAEC6DDAD8}.Debug|Any CPU.Build.0 = Debug|Any CPU
		{47CD5EEF-C12D-4CEA-B88A-3AFAEC6DDAD8}.Release|Any CPU.ActiveCfg = Release|Any CPU
		{47CD5EEF-C12D-4CEA-B88A-3AFAEC6DDAD8}.Release|Any CPU.Build.0 = Release|Any CPU
		{9F44B572-4A09-42D9-9DB7-2587F621B462}.Debug|Any CPU.ActiveCfg = Debug|Any CPU
		{9F44B572-4A09-42D9-9DB7-2587F621B462}.Debug|Any CPU.Build.0 = Debug|Any CPU
		{9F44B572-4A09-42D9-9DB7-2587F621B462}.Release|Any CPU.ActiveCfg = Release|Any CPU
		{9F44B572-4A09-42D9-9DB7-2587F621B462}.Release|Any CPU.Build.0 = Release|Any CPU
		{8DB88F86-C03B-45DF-ADAF-C068A407E36A}.Debug|Any CPU.ActiveCfg = Debug|Any CPU
		{8DB88F86-C03B-45DF-ADAF-C068A407E36A}.Debug|Any CPU.Build.0 = Debug|Any CPU
		{8DB88F86-C03B-45DF-ADAF-C068A407E36A}.Release|Any CPU.ActiveCfg = Release|Any CPU
		{8DB88F86-C03B-45DF-ADAF-C068A407E36A}.Release|Any CPU.Build.0 = Release|Any CPU
		{091475E0-BF06-4D9D-9A4D-7E71BE08FB96}.Debug|Any CPU.ActiveCfg = Debug|Any CPU
		{091475E0-BF06-4D9D-9A4D-7E71BE08FB96}.Debug|Any CPU.Build.0 = Debug|Any CPU
		{091475E0-BF06-4D9D-9A4D-7E71BE08FB96}.Release|Any CPU.ActiveCfg = Release|Any CPU
		{091475E0-BF06-4D9D-9A4D-7E71BE08FB96}.Release|Any CPU.Build.0 = Release|Any CPU
	EndGlobalSection
	GlobalSection(SolutionProperties) = preSolution
		HideSolutionNode = FALSE
	EndGlobalSection
EndGlobal
