
Microsoft Visual Studio Solution File, Format Version 10.00
# Visual Studio 2008
Project("{FAE04EC0-301F-11D3-BF4B-00C04F79EFBC}") = "Starksoft.Net.Ftp", "Starksoft.Net.Ftp.csproj", "{5F228FCD-54F1-491D-93CE-3D768655FADC}"
EndProject
Project("{FAE04EC0-301F-11D3-BF4B-00C04F79EFBC}") = "Starksoft.Net.Proxy", "..\Starksoft.Net.Proxy\Starksoft.Net.Proxy.csproj", "{56EB350E-089E-40BB-97CB-F2745A4251AE}"
EndProject
Global
	GlobalSection(SolutionConfigurationPlatforms) = preSolution
		Debug|Any CPU = Debug|Any CPU
		Release|Any CPU = Release|Any CPU
	EndGlobalSection
	GlobalSection(ProjectConfigurationPlatforms) = postSolution
		{5F228FCD-54F1-491D-93CE-3D768655FADC}.Debug|Any CPU.ActiveCfg = Debug|Any CPU
		{5F228FCD-54F1-491D-93CE-3D768655FADC}.Debug|Any CPU.Build.0 = Debug|Any CPU
		{5F228FCD-54F1-491D-93CE-3D768655FADC}.Release|Any CPU.ActiveCfg = Release|Any CPU
		{5F228FCD-54F1-491D-93CE-3D768655FADC}.Release|Any CPU.Build.0 = Release|Any CPU
		{56EB350E-089E-40BB-97CB-F2745A4251AE}.Debug|Any CPU.ActiveCfg = Debug|Any CPU
		{56EB350E-089E-40BB-97CB-F2745A4251AE}.Debug|Any CPU.Build.0 = Debug|Any CPU
		{56EB350E-089E-40BB-97CB-F2745A4251AE}.Release|Any CPU.ActiveCfg = Release|Any CPU
		{56EB350E-089E-40BB-97CB-F2745A4251AE}.Release|Any CPU.Build.0 = Release|Any CPU
	EndGlobalSection
	GlobalSection(SolutionProperties) = preSolution
		HideSolutionNode = FALSE
	EndGlobalSection
EndGlobal
