
Microsoft Visual Studio Solution File, Format Version 10.00
# Visual Studio 2008
Project("{FAE04EC0-301F-11D3-BF4B-00C04F79EFBC}") = "FileUploaderTester", "FileUploaderTester\FileUploaderTester.csproj", "{2E942548-941C-4112-97B1-7912E4213058}"
EndProject
Project("{FAE04EC0-301F-11D3-BF4B-00C04F79EFBC}") = "ZSS.FileUploadersLib", "..\..\Projects\ZScreen\trunk\ZSS.FileUploadersLib\ZSS.FileUploadersLib.csproj", "{9D204619-BCBC-4E8D-B37E-F278D01D8A95}"
EndProject
Global
	GlobalSection(SubversionScc) = preSolution
		Svn-Managed = True
		Manager = AnkhSVN - Subversion Support for Visual Studio
	EndGlobalSection
	GlobalSection(SolutionConfigurationPlatforms) = preSolution
		Debug|Any CPU = Debug|Any CPU
		Release|Any CPU = Release|Any CPU
	EndGlobalSection
	GlobalSection(ProjectConfigurationPlatforms) = postSolution
		{2E942548-941C-4112-97B1-7912E4213058}.Debug|Any CPU.ActiveCfg = Debug|Any CPU
		{2E942548-941C-4112-97B1-7912E4213058}.Debug|Any CPU.Build.0 = Debug|Any CPU
		{2E942548-941C-4112-97B1-7912E4213058}.Release|Any CPU.ActiveCfg = Release|Any CPU
		{2E942548-941C-4112-97B1-7912E4213058}.Release|Any CPU.Build.0 = Release|Any CPU
		{9D204619-BCBC-4E8D-B37E-F278D01D8A95}.Debug|Any CPU.ActiveCfg = Debug|Any CPU
		{9D204619-BCBC-4E8D-B37E-F278D01D8A95}.Debug|Any CPU.Build.0 = Debug|Any CPU
		{9D204619-BCBC-4E8D-B37E-F278D01D8A95}.Release|Any CPU.ActiveCfg = Release|Any CPU
		{9D204619-BCBC-4E8D-B37E-F278D01D8A95}.Release|Any CPU.Build.0 = Release|Any CPU
	EndGlobalSection
	GlobalSection(SolutionProperties) = preSolution
		HideSolutionNode = FALSE
	EndGlobalSection
EndGlobal
