
Microsoft Visual Studio Solution File, Format Version 10.00
# Visual Studio 2008
Project("{FAE04EC0-301F-11D3-BF4B-00C04F79EFBC}") = "FTPClientTester", "FTPClientTester\FTPClientTester.csproj", "{44110604-C695-4BCA-9494-CB36E77ED19A}"
EndProject
Project("{FAE04EC0-301F-11D3-BF4B-00C04F79EFBC}") = "ZSS.UploadersLib", "..\..\trunk\ZSS.UploadersLib\ZSS.UploadersLib.csproj", "{E1C94415-3424-4517-A2A1-B2FDD1F59C67}"
EndProject
Project("{FAE04EC0-301F-11D3-BF4B-00C04F79EFBC}") = "ZSS.FTPClientLib", "..\..\trunk\ZSS.FTPClientLib\ZSS.FTPClientLib.csproj", "{20E5CC64-8C94-42EE-AB7C-3241F4732BE9}"
EndProject
Global
	GlobalSection(SubversionScc) = preSolution
		Svn-Managed = True
		Manager = AnkhSVN - Subversion Support for Visual Studio
	EndGlobalSection
	GlobalSection(SolutionConfigurationPlatforms) = preSolution
		Debug|Any CPU = Debug|Any CPU
		Release|Any CPU = Release|Any CPU
	EndGlobalSection
	GlobalSection(ProjectConfigurationPlatforms) = postSolution
		{44110604-C695-4BCA-9494-CB36E77ED19A}.Debug|Any CPU.ActiveCfg = Debug|Any CPU
		{44110604-C695-4BCA-9494-CB36E77ED19A}.Debug|Any CPU.Build.0 = Debug|Any CPU
		{44110604-C695-4BCA-9494-CB36E77ED19A}.Release|Any CPU.ActiveCfg = Release|Any CPU
		{44110604-C695-4BCA-9494-CB36E77ED19A}.Release|Any CPU.Build.0 = Release|Any CPU
		{E1C94415-3424-4517-A2A1-B2FDD1F59C67}.Debug|Any CPU.ActiveCfg = Debug|Any CPU
		{E1C94415-3424-4517-A2A1-B2FDD1F59C67}.Debug|Any CPU.Build.0 = Debug|Any CPU
		{E1C94415-3424-4517-A2A1-B2FDD1F59C67}.Release|Any CPU.ActiveCfg = Release|Any CPU
		{E1C94415-3424-4517-A2A1-B2FDD1F59C67}.Release|Any CPU.Build.0 = Release|Any CPU
		{20E5CC64-8C94-42EE-AB7C-3241F4732BE9}.Debug|Any CPU.ActiveCfg = Debug|Any CPU
		{20E5CC64-8C94-42EE-AB7C-3241F4732BE9}.Debug|Any CPU.Build.0 = Debug|Any CPU
		{20E5CC64-8C94-42EE-AB7C-3241F4732BE9}.Release|Any CPU.ActiveCfg = Release|Any CPU
		{20E5CC64-8C94-42EE-AB7C-3241F4732BE9}.Release|Any CPU.Build.0 = Release|Any CPU
	EndGlobalSection
	GlobalSection(SolutionProperties) = preSolution
		HideSolutionNode = FALSE
	EndGlobalSection
EndGlobal
