
Microsoft Visual Studio Solution File, Format Version 10.00
# Visual Studio 2008
Project("{FAE04EC0-301F-11D3-BF4B-00C04F79EFBC}") = "MyColorsTest", "MyColorsTest\MyColorsTest.csproj", "{B442275B-0659-4833-84FA-3709F6BB6AB5}"
EndProject
Global
	GlobalSection(SolutionConfigurationPlatforms) = preSolution
		Debug|Any CPU = Debug|Any CPU
		Debug|x86 = Debug|x86
		Inno|Any CPU = Inno|Any CPU
		Inno|x86 = Inno|x86
		Release|Any CPU = Release|Any CPU
		Release|x86 = Release|x86
	EndGlobalSection
	GlobalSection(ProjectConfigurationPlatforms) = postSolution
		{B442275B-0659-4833-84FA-3709F6BB6AB5}.Debug|Any CPU.ActiveCfg = Debug|Any CPU
		{B442275B-0659-4833-84FA-3709F6BB6AB5}.Debug|Any CPU.Build.0 = Debug|Any CPU
		{B442275B-0659-4833-84FA-3709F6BB6AB5}.Debug|x86.ActiveCfg = Debug|Any CPU
		{B442275B-0659-4833-84FA-3709F6BB6AB5}.Inno|Any CPU.ActiveCfg = Release|Any CPU
		{B442275B-0659-4833-84FA-3709F6BB6AB5}.Inno|Any CPU.Build.0 = Release|Any CPU
		{B442275B-0659-4833-84FA-3709F6BB6AB5}.Inno|x86.ActiveCfg = Release|Any CPU
		{B442275B-0659-4833-84FA-3709F6BB6AB5}.Release|Any CPU.ActiveCfg = Release|Any CPU
		{B442275B-0659-4833-84FA-3709F6BB6AB5}.Release|Any CPU.Build.0 = Release|Any CPU
		{B442275B-0659-4833-84FA-3709F6BB6AB5}.Release|x86.ActiveCfg = Release|Any CPU
	EndGlobalSection
	GlobalSection(SolutionProperties) = preSolution
		HideSolutionNode = FALSE
	EndGlobalSection
EndGlobal
